
Microsoft Visual Studio Solution File, Format Version 12.00
# Visual Studio Version 17
VisualStudioVersion = 17.7.34031.279
MinimumVisualStudioVersion = 10.0.40219.1
Project("{FAE04EC0-301F-11D3-BF4B-00C04F79EFBC}") = "GrillView", "GrillView\GrillView.csproj", "{80D1AB4D-DE2B-4782-8B31-C3DD560735D5}"
EndProject
Global
	GlobalSection(SolutionConfigurationPlatforms) = preSolution
		Debug|Any CPU = Debug|Any CPU
		Release|Any CPU = Release|Any CPU
	EndGlobalSection
	GlobalSection(ProjectConfigurationPlatforms) = postSolution
		{80D1AB4D-DE2B-4782-8B31-C3DD560735D5}.Debug|Any CPU.ActiveCfg = Debug|Any CPU
		{80D1AB4D-DE2B-4782-8B31-C3DD560735D5}.Debug|Any CPU.Build.0 = Debug|Any CPU
		{80D1AB4D-DE2B-4782-8B31-C3DD560735D5}.Release|Any CPU.ActiveCfg = Release|Any CPU
		{80D1AB4D-DE2B-4782-8B31-C3DD560735D5}.Release|Any CPU.Build.0 = Release|Any CPU
	EndGlobalSection
	GlobalSection(SolutionProperties) = preSolution
		HideSolutionNode = FALSE
	EndGlobalSection
	GlobalSection(ExtensibilityGlobals) = postSolution
		SolutionGuid = {76E50615-ACE1-4CE9-A343-9D4FAB0832EB}
	EndGlobalSection
EndGlobal
